
Microsoft Visual Studio Solution File, Format Version 12.00
# Visual Studio Version 16
VisualStudioVersion = 16.0.31112.23
MinimumVisualStudioVersion = 10.0.40219.1
Project("{FAE04EC0-301F-11D3-BF4B-00C04F79EFBC}") = "Cliente_temperatura", "Cliente_temperatura\Cliente_temperatura.csproj", "{8893B760-BF82-4D7A-8B22-17D6ADF52AA5}"
EndProject
Global
	GlobalSection(SolutionConfigurationPlatforms) = preSolution
		Debug|Any CPU = Debug|Any CPU
		Release|Any CPU = Release|Any CPU
	EndGlobalSection
	GlobalSection(ProjectConfigurationPlatforms) = postSolution
		{8893B760-BF82-4D7A-8B22-17D6ADF52AA5}.Debug|Any CPU.ActiveCfg = Debug|Any CPU
		{8893B760-BF82-4D7A-8B22-17D6ADF52AA5}.Debug|Any CPU.Build.0 = Debug|Any CPU
		{8893B760-BF82-4D7A-8B22-17D6ADF52AA5}.Release|Any CPU.ActiveCfg = Release|Any CPU
		{8893B760-BF82-4D7A-8B22-17D6ADF52AA5}.Release|Any CPU.Build.0 = Release|Any CPU
	EndGlobalSection
	GlobalSection(SolutionProperties) = preSolution
		HideSolutionNode = FALSE
	EndGlobalSection
	GlobalSection(ExtensibilityGlobals) = postSolution
		SolutionGuid = {B4EF0DFB-1A88-4959-960C-5EB1B292F4F3}
	EndGlobalSection
EndGlobal
